PODS:
  - SnapKit (5.0.1)
  - WZIMProtocol (0.1.0):
    - SnapKit (~> 5.0.1)

DEPENDENCIES:
  - WZIMProtocol (from `../`)

SPEC REPOS:
  trunk:
    - SnapKit

EXTERNAL SOURCES:
  WZIMProtocol:
    :path: "../"

SPEC CHECKSUMS:
  SnapKit: 97b92857e3df3a0c71833cce143274bf6ef8e5eb
  WZIMProtocol: eb4b8807aab62f52f37c2d0a828a7a40927a81a2

PODFILE CHECKSUM: d5243573fbd7b054d0fe4293412eb4eb01cd778f

COCOAPODS: 1.10.0.beta.1
