PODS:
  - SnapKit (5.0.1)
  - WZIMProtocol (0.0.6):
    - SnapKit (~> 5.0.1)
    - WZIMProtocol/Core (= 0.0.6)
  - WZIMProtocol/Core (0.0.6):
    - SnapKit (~> 5.0.1)

DEPENDENCIES:
  - WZIMProtocol (from `../`)

SPEC REPOS:
  trunk:
    - SnapKit

EXTERNAL SOURCES:
  WZIMProtocol:
    :path: "../"

SPEC CHECKSUMS:
  SnapKit: 97b92857e3df3a0c71833cce143274bf6ef8e5eb
  WZIMProtocol: cc28a172abb2dfaabb78934eaa51e40ec4c9b1f8

PODFILE CHECKSUM: d5243573fbd7b054d0fe4293412eb4eb01cd778f

COCOAPODS: 1.9.3
